// !$*UTF8*$!
{
	archiveVersion = 1;
	classes = {
	};
	objectVersion = 46;
	objects = {

/* Begin PBXBuildFile section */
		1FE1B97C1D542A5F003545ED /* AppDelegate.swift in Sources */ = {isa = PBXBuildFile; fileRef = 1FE1B97B1D542A5F003545ED /* AppDelegate.swift */; };
		1FE1B97E1D542A5F003545ED /* ViewController.swift in Sources */ = {isa = PBXBuildFile; fileRef = 1FE1B97D1D542A5F003545ED /* ViewController.swift */; };
		1FE1B9811D542A5F003545ED /* Main.storyboard in Resources */ = {isa = PBXBuildFile; fileRef = 1FE1B97F1D542A5F003545ED /* Main.storyboard */; };
		1FE1B9831D542A5F003545ED /* Assets.xcassets in Resources */ = {isa = PBXBuildFile; fileRef = 1FE1B9821D542A5F003545ED /* Assets.xcassets */; };
		1FE1B9861D542A5F003545ED /* LaunchScreen.storyboard in Resources */ = {isa = PBXBuildFile; fileRef = 1FE1B9841D542A5F003545ED /* LaunchScreen.storyboard */; };
/* End PBXBuildFile section */

/* Begin PBXFileReference section */
		1FE1B9781D542A5F003545ED /* PlayerGround X.app */ = {isa = PBXFileReference; explicitFileType = wrapper.application; includeInIndex = 0; path = "PlayerGround X.app"; sourceTree = BUILT_PRODUCTS_DIR; };
		1FE1B97B1D542A5F003545ED /* AppDelegate.swift */ = {isa = PBXFileReference; lastKnownFileType = sourcecode.swift; path = AppDelegate.swift; sourceTree = "<group>"; };
		1FE1B97D1D542A5F003545ED /* ViewController.swift */ = {isa = PBXFileReference; lastKnownFileType = sourcecode.swift; path = ViewController.swift; sourceTree = "<group>"; };
		1FE1B9801D542A5F003545ED /* Base */ = {isa = PBXFileReference; lastKnownFileType = file.storyboard; name = Base; path = Base.lproj/Main.storyboard; sourceTree = "<group>"; };
		1FE1B9821D542A5F003545ED /* Assets.xcassets */ = {isa = PBXFileReference; lastKnownFileType = folder.assetcatalog; path = Assets.xcassets; sourceTree = "<group>"; };
		1FE1B9851D542A5F003545ED /* Base */ = {isa = PBXFileReference; lastKnownFileType = file.storyboard; name = Base; path = Base.lproj/LaunchScreen.storyboard; sourceTree = "<group>"; };
		1FE1B9871D542A5F003545ED /* Info.plist */ = {isa = PBXFileReference; lastKnownFileType = text.plist.xml; path = Info.plist; sourceTree = "<group>"; };
/* End PBXFileReference section */

/* Begin PBXFrameworksBuildPhase section */
		1FE1B9751D542A5F003545ED /* Frameworks */ = {
			isa = PBXFrameworksBuildPhase;
			buildActionMask = 2147483647;
			files = (
			);
			runOnlyForDeploymentPostprocessing = 0;
		};
/* End PBXFrameworksBuildPhase section */

/* Begin PBXGroup section */
		1FE1B96F1D542A5F003545ED = {
			isa = PBXGroup;
			children = (
				1FE1B97A1D542A5F003545ED /* PlayerGround X */,
				1FE1B9791D542A5F003545ED /* Products */,
			);
			sourceTree = "<group>";
		};
		1FE1B9791D542A5F003545ED /* Products */ = {
			isa = PBXGroup;
			children = (
				1FE1B9781D542A5F003545ED /* PlayerGround X.app */,
			);
			name = Products;
			sourceTree = "<group>";
		};
		1FE1B97A1D542A5F003545ED /* PlayerGround X */ = {
			isa = PBXGroup;
			children = (
				1FE1B97B1D542A5F003545ED /* AppDelegate.swift */,
				1FE1B97D1D542A5F003545ED /* ViewController.swift */,
				1FE1B97F1D542A5F003545ED /* Main.storyboard */,
				1FE1B9821D542A5F003545ED /* Assets.xcassets */,
				1FE1B9841D542A5F003545ED /* LaunchScreen.storyboard */,
				1FE1B9871D542A5F003545ED /* Info.plist */,
			);
			path = "PlayerGround X";
			sourceTree = "<group>";
		};
/* End PBXGroup section */

/* Begin PBXNativeTarget section */
		1FE1B9771D542A5F003545ED /* PlayerGround X */ = {
			isa = PBXNativeTarget;
			buildConfigurationList = 1FE1B98A1D542A5F003545ED /* Build configuration list for PBXNativeTarget "PlayerGround X" */;
			buildPhases = (
				1FE1B9741D542A5F003545ED /* Sources */,
				1FE1B9751D542A5F003545ED /* Frameworks */,
				1FE1B9761D542A5F003545ED /* Resources */,
			);
			buildRules = (
			);
			dependencies = (
			);
			name = "PlayerGround X";
			productName = "PlayerGround X";
			productReference = 1FE1B9781D542A5F003545ED /* PlayerGround X.app */;
			productType = "com.apple.product-type.application";
		};
/* End PBXNativeTarget section */

/* Begin PBXProject section */
		1FE1B9701D542A5F003545ED /* Project object */ = {
			isa = PBXProject;
			attributes = {
				LastSwiftUpdateCheck = 0730;
				LastUpgradeCheck = 0730;
				ORGANIZATIONNAME = "Gaming Recess";
				TargetAttributes = {
					1FE1B9771D542A5F003545ED = {
						CreatedOnToolsVersion = 7.3.1;
					};
				};
			};
			buildConfigurationList = 1FE1B9731D542A5F003545ED /* Build configuration list for PBXProject "PlayerGround X" */;
			compatibilityVersion = "Xcode 3.2";
			developmentRegion = English;
			hasScannedForEncodings = 0;
			knownRegions = (
				en,
				Base,
			);
			mainGroup = 1FE1B96F1D542A5F003545ED;
			productRefGroup = 1FE1B9791D542A5F003545ED /* Products */;
			projectDirPath = "";
			projectRoot = "";
			targets = (
				1FE1B9771D542A5F003545ED /* PlayerGround X */,
			);
		};
/* End PBXProject section */

/* Begin PBXResourcesBuildPhase section */
		1FE1B9761D542A5F003545ED /* Resources */ = {
			isa = PBXResourcesBuildPhase;
			buildActionMask = 2147483647;
			files = (
				1FE1B9861D542A5F003545ED /* LaunchScreen.storyboard in Resources */,
				1FE1B9831D542A5F003545ED /* Assets.xcassets in Resources */,
				1FE1B9811D542A5F003545ED /* Main.storyboard in Resources */,
			);
			runOnlyForDeploymentPostprocessing = 0;
		};
/* End PBXResourcesBuildPhase section */

/* Begin PBXSourcesBuildPhase section */
		1FE1B9741D542A5F003545ED /* Sources */ = {
			isa = PBXSourcesBuildPhase;
			buildActionMask = 2147483647;
			files = (
				1FE1B97E1D542A5F003545ED /* ViewController.swift in Sources */,
				1FE1B97C1D542A5F003545ED /* AppDelegate.swift in Sources */,
			);
			runOnlyForDeploymentPostprocessing = 0;
		};
/* End PBXSourcesBuildPhase section */

/* Begin PBXVariantGroup section */
		1FE1B97F1D542A5F003545ED /* Main.storyboard */ = {
			isa = PBXVariantGroup;
			children = (
				1FE1B9801D542A5F003545ED /* Base */,
			);
			name = Main.storyboard;
			sourceTree = "<group>";
		};
		1FE1B9841D542A5F003545ED /* LaunchScreen.storyboard */ = {
			isa = PBXVariantGroup;
			children = (
				1FE1B9851D542A5F003545ED /* Base */,
			);
			name = LaunchScreen.storyboard;
			sourceTree = "<group>";
		};
/* End PBXVariantGroup section */

/* Begin XCBuildConfiguration section */
		1FE1B9881D542A5F003545ED /* Debug */ = {
			isa = XCBuildConfiguration;
			buildSettings = {
				ALWAYS_SEARCH_USER_PATHS = NO;
				CLANG_ANALYZER_NONNULL = YES;
				CLANG_CXX_LANGUAGE_STANDARD = "gnu++0x";
				CLANG_CXX_LIBRARY = "libc++";
				CLANG_ENABLE_MODULES = YES;
				CLANG_ENABLE_OBJC_ARC = YES;
				CLANG_WARN_BOOL_CONVERSION = YES;
				CLANG_WARN_CONSTANT_CONVERSION = YES;
				CLANG_WARN_DIRECT_OBJC_ISA_USAGE = YES_ERROR;
				CLANG_WARN_EMPTY_BODY = YES;
				CLANG_WARN_ENUM_CONVERSION = YES;
				CLANG_WARN_INT_CONVERSION = YES;
				CLANG_WARN_OBJC_ROOT_CLASS = YES_ERROR;
				CLANG_WARN_UNREACHABLE_CODE = YES;
				CLANG_WARN__DUPLICATE_METHOD_MATCH = YES;
				"CODE_SIGN_IDENTITY[sdk=iphoneos*]" = "iPhone Developer";
				COPY_PHASE_STRIP = NO;
				DEBUG_INFORMATION_FORMAT = dwarf;
				ENABLE_STRICT_OBJC_MSGSEND = YES;
				ENABLE_TESTABILITY = YES;
				GCC_C_LANGUAGE_STANDARD = gnu99;
				GCC_DYNAMIC_NO_PIC = NO;
				GCC_NO_COMMON_BLOCKS = YES;
				GCC_OPTIMIZATION_LEVEL = 0;
				GCC_PREPROCESSOR_DEFINITIONS = (
					"DEBUG=1",
					"$(inherited)",
				);
				GCC_WARN_64_TO_32_BIT_CONVERSION = YES;
				GCC_WARN_ABOUT_RETURN_TYPE = YES_ERROR;
				GCC_WARN_UNDECLARED_SELECTOR = YES;
				GCC_WARN_UNINITIALIZED_AUTOS = YES_AGGRESSIVE;
				GCC_WARN_UNUSED_FUNCTION = YES;
				GCC_WARN_UNUSED_VARIABLE = YES;
				IPHONEOS_DEPLOYMENT_TARGET = 9.3;
				MTL_ENABLE_DEBUG_INFO = YES;
				ONLY_ACTIVE_ARCH = YES;
				SDKROOT = iphoneos;
				SWIFT_OPTIMIZATION_LEVEL = "-Onone";
			};
			name = Debug;
		};
		1FE1B9891D542A5F003545ED /* Release */ = {
			isa = XCBuildConfiguration;
			buildSettings = {
				ALWAYS_SEARCH_USER_PATHS = NO;
				CLANG_ANALYZER_NONNULL = YES;
				CLANG_CXX_LANGUAGE_STANDARD = "gnu++0x";
				CLANG_CXX_LIBRARY = "libc++";
				CLANG_ENABLE_MODULES = YES;
				CLANG_ENABLE_OBJC_ARC = YES;
				CLANG_WARN_BOOL_CONVERSION = YES;
				CLANG_WARN_CONSTANT_CONVERSION = YES;
				CLANG_WARN_DIRECT_OBJC_ISA_USAGE = YES_ERROR;
				CLANG_WARN_EMPTY_BODY = YES;
				CLANG_WARN_ENUM_CONVERSION = YES;
				CLANG_WARN_INT_CONVERSION = YES;
				CLANG_WARN_OBJC_ROOT_CLASS = YES_ERROR;
				CLANG_WARN_UNREACHABLE_CODE = YES;
				CLANG_WARN__DUPLICATE_METHOD_MATCH = YES;
				"CODE_SIGN_IDENTITY[sdk=iphoneos*]" = "iPhone Developer";
				COPY_PHASE_STRIP = NO;
				DEBUG_INFORMATION_FORMAT = "dwarf-with-dsym";
				ENABLE_NS_ASSERTIONS = NO;
				ENABLE_STRICT_OBJC_MSGSEND = YES;
				GCC_C_LANGUAGE_STANDARD = gnu99;
				GCC_NO_COMMON_BLOCKS = YES;
				GCC_WARN_64_TO_32_BIT_CONVERSION = YES;
				GCC_WARN_ABOUT_RETURN_TYPE = YES_ERROR;
				GCC_WARN_UNDECLARED_SELECTOR = YES;
				GCC_WARN_UNINITIALIZED_AUTOS = YES_AGGRESSIVE;
				GCC_WARN_UNUSED_FUNCTION = YES;
				GCC_WARN_UNUSED_VARIABLE = YES;
				IPHONEOS_DEPLOYMENT_TARGET = 9.3;
				MTL_ENABLE_DEBUG_INFO = NO;
				SDKROOT = iphoneos;
				VALIDATE_PRODUCT = YES;
			};
			name = Release;
		};
		1FE1B98B1D542A5F003545ED /* Debug */ = {
			isa = XCBuildConfiguration;
			buildSettings = {
				ASSETCATALOG_COMPILER_APPICON_NAME = AppIcon;
				INFOPLIST_FILE = "PlayerGround X/Info.plist";
				LD_RUNPATH_SEARCH_PATHS = "$(inherited) @executable_path/Frameworks";
				PRODUCT_BUNDLE_IDENTIFIER = "com.PlayerGround.PlayerGround-X";
				PRODUCT_NAME = "$(TARGET_NAME)";
			};
			name = Debug;
		};
		1FE1B98C1D542A5F003545ED /* Release */ = {
			isa = XCBuildConfiguration;
			buildSettings = {
				ASSETCATALOG_COMPILER_APPICON_NAME = AppIcon;
				INFOPLIST_FILE = "PlayerGround X/Info.plist";
				LD_RUNPATH_SEARCH_PATHS = "$(inherited) @executable_path/Frameworks";
				PRODUCT_BUNDLE_IDENTIFIER = "com.PlayerGround.PlayerGround-X";
				PRODUCT_NAME = "$(TARGET_NAME)";
			};
			name = Release;
		};
/* End XCBuildConfiguration section */

/* Begin XCConfigurationList section */
		1FE1B9731D542A5F003545ED /* Build configuration list for PBXProject "PlayerGround X" */ = {
			isa = XCConfigurationList;
			buildConfigurations = (
				1FE1B9881D542A5F003545ED /* Debug */,
				1FE1B9891D542A5F003545ED /* Release */,
			);
			defaultConfigurationIsVisible = 0;
			defaultConfigurationName = Release;
		};
		1FE1B98A1D542A5F003545ED /* Build configuration list for PBXNativeTarget "PlayerGround X" */ = {
			isa = XCConfigurationList;
			buildConfigurations = (
				1FE1B98B1D542A5F003545ED /* Debug */,
				1FE1B98C1D542A5F003545ED /* Release */,
			);
			defaultConfigurationIsVisible = 0;
		};
/* End XCConfigurationList section */
	};
	rootObject = 1FE1B9701D542A5F003545ED /* Project object */;
}
