// !$*UTF8*$!
{
	archiveVersion = 1;
	classes = {
	};
	objectVersion = 46;
	objects = {

/* Begin PBXBuildFile section */
		1F071CA01D5E81CD00CD2303 /* ProfileController.swift in Sources */ = {isa = PBXBuildFile; fileRef = 1F071C9F1D5E81CD00CD2303 /* ProfileController.swift */; };
		1FB626661D5D1D4700D4A283 /* UserProfileController.swift in Sources */ = {isa = PBXBuildFile; fileRef = 1FB626651D5D1D4700D4A283 /* UserProfileController.swift */; };
		1FD70EF11D5E57FC00ECB9A5 /* Playlist.swift in Sources */ = {isa = PBXBuildFile; fileRef = 1FD70EF01D5E57FC00ECB9A5 /* Playlist.swift */; };
		1FE1B9861D542A5F003545ED /* LaunchScreen.storyboard in Resources */ = {isa = PBXBuildFile; fileRef = 1FE1B9841D542A5F003545ED /* LaunchScreen.storyboard */; };
		1FE1B9911D542AB9003545ED /* AppDelegate.swift in Sources */ = {isa = PBXBuildFile; fileRef = 1FE1B9901D542AB9003545ED /* AppDelegate.swift */; };
		1FE1B9931D542AC3003545ED /* Assets.xcassets in Resources */ = {isa = PBXBuildFile; fileRef = 1FE1B9921D542AC3003545ED /* Assets.xcassets */; };
		1FE1B9951D542AD8003545ED /* ChatLogController.swift in Sources */ = {isa = PBXBuildFile; fileRef = 1FE1B9941D542AD8003545ED /* ChatLogController.swift */; };
		1FE1B9991D542AE1003545ED /* ChatMessageCell.swift in Sources */ = {isa = PBXBuildFile; fileRef = 1FE1B9961D542AE1003545ED /* ChatMessageCell.swift */; };
		1FE1B99A1D542AE1003545ED /* Extensions.swift in Sources */ = {isa = PBXBuildFile; fileRef = 1FE1B9971D542AE1003545ED /* Extensions.swift */; };
		1FE1B9A31D542AF6003545ED /* LoginController.swift in Sources */ = {isa = PBXBuildFile; fileRef = 1FE1B99C1D542AF6003545ED /* LoginController.swift */; };
		1FE1B9A41D542AF6003545ED /* LoginController+handler.swift in Sources */ = {isa = PBXBuildFile; fileRef = 1FE1B99D1D542AF6003545ED /* LoginController+handler.swift */; };
		1FE1B9A61D542AF6003545ED /* Message.swift in Sources */ = {isa = PBXBuildFile; fileRef = 1FE1B99F1D542AF6003545ED /* Message.swift */; };
		1FE1B9A71D542AF6003545ED /* MessagesController.swift in Sources */ = {isa = PBXBuildFile; fileRef = 1FE1B9A01D542AF6003545ED /* MessagesController.swift */; };
		1FE1B9A81D542AF6003545ED /* MessagingExtensions.swift in Sources */ = {isa = PBXBuildFile; fileRef = 1FE1B9A11D542AF6003545ED /* MessagingExtensions.swift */; };
		1FE1B9A91D542AF6003545ED /* NewMessageController.swift in Sources */ = {isa = PBXBuildFile; fileRef = 1FE1B9A21D542AF6003545ED /* NewMessageController.swift */; };
		1FE1B9BA1D542B12003545ED /* User.swift in Sources */ = {isa = PBXBuildFile; fileRef = 1FE1B9B21D542B12003545ED /* User.swift */; };
		1FE1B9BB1D542B12003545ED /* UserCell.swift in Sources */ = {isa = PBXBuildFile; fileRef = 1FE1B9B31D542B12003545ED /* UserCell.swift */; };
		1FE1B9BF1D542E38003545ED /* GoogleService-Info.plist in Resources */ = {isa = PBXBuildFile; fileRef = 1FE1B9BE1D542E38003545ED /* GoogleService-Info.plist */; };
		4C9ECFA26C87E0AE2E9FF0C3 /* Pods_PlayerGround_X.framework in Frameworks */ = {isa = PBXBuildFile; fileRef = 895BA12A9B9B036196FABBBC /* Pods_PlayerGround_X.framework */; };
/* End PBXBuildFile section */

/* Begin PBXFileReference section */
		1F071C9F1D5E81CD00CD2303 /* ProfileController.swift */ = {isa = PBXFileReference; fileEncoding = 4; lastKnownFileType = sourcecode.swift; path = ProfileController.swift; sourceTree = "<group>"; };
		1FB626651D5D1D4700D4A283 /* UserProfileController.swift */ = {isa = PBXFileReference; fileEncoding = 4; lastKnownFileType = sourcecode.swift; path = UserProfileController.swift; sourceTree = "<group>"; };
		1FB6266A1D5D573300D4A283 /* googlesignin.h */ = {isa = PBXFileReference; lastKnownFileType = sourcecode.c.h; name = googlesignin.h; path = ../googlesignin.h; sourceTree = "<group>"; };
		1FD70EF01D5E57FC00ECB9A5 /* Playlist.swift */ = {isa = PBXFileReference; fileEncoding = 4; lastKnownFileType = sourcecode.swift; name = Playlist.swift; path = "PlayerGround X/Playlist.swift"; sourceTree = "<group>"; };
		1FE1B9781D542A5F003545ED /* PlayerGround X.app */ = {isa = PBXFileReference; explicitFileType = wrapper.application; includeInIndex = 0; path = "PlayerGround X.app"; sourceTree = BUILT_PRODUCTS_DIR; };
		1FE1B9851D542A5F003545ED /* Base */ = {isa = PBXFileReference; lastKnownFileType = file.storyboard; name = Base; path = Base.lproj/LaunchScreen.storyboard; sourceTree = "<group>"; };
		1FE1B9871D542A5F003545ED /* Info.plist */ = {isa = PBXFileReference; lastKnownFileType = text.plist.xml; path = Info.plist; sourceTree = "<group>"; };
		1FE1B9901D542AB9003545ED /* AppDelegate.swift */ = {isa = PBXFileReference; fileEncoding = 4; lastKnownFileType = sourcecode.swift; name = AppDelegate.swift; path = ../AppDelegate.swift; sourceTree = "<group>"; };
		1FE1B9921D542AC3003545ED /* Assets.xcassets */ = {isa = PBXFileReference; lastKnownFileType = folder.assetcatalog; name = Assets.xcassets; path = ../Assets.xcassets; sourceTree = "<group>"; };
		1FE1B9941D542AD8003545ED /* ChatLogController.swift */ = {isa = PBXFileReference; fileEncoding = 4; lastKnownFileType = sourcecode.swift; path = ChatLogController.swift; sourceTree = "<group>"; };
		1FE1B9961D542AE1003545ED /* ChatMessageCell.swift */ = {isa = PBXFileReference; fileEncoding = 4; lastKnownFileType = sourcecode.swift; path = ChatMessageCell.swift; sourceTree = "<group>"; };
		1FE1B9971D542AE1003545ED /* Extensions.swift */ = {isa = PBXFileReference; fileEncoding = 4; lastKnownFileType = sourcecode.swift; path = Extensions.swift; sourceTree = "<group>"; };
		1FE1B99C1D542AF6003545ED /* LoginController.swift */ = {isa = PBXFileReference; fileEncoding = 4; lastKnownFileType = sourcecode.swift; path = LoginController.swift; sourceTree = "<group>"; };
		1FE1B99D1D542AF6003545ED /* LoginController+handler.swift */ = {isa = PBXFileReference; fileEncoding = 4; lastKnownFileType = sourcecode.swift; path = "LoginController+handler.swift"; sourceTree = "<group>"; };
		1FE1B99F1D542AF6003545ED /* Message.swift */ = {isa = PBXFileReference; fileEncoding = 4; lastKnownFileType = sourcecode.swift; path = Message.swift; sourceTree = "<group>"; };
		1FE1B9A01D542AF6003545ED /* MessagesController.swift */ = {isa = PBXFileReference; fileEncoding = 4; lastKnownFileType = sourcecode.swift; path = MessagesController.swift; sourceTree = "<group>"; };
		1FE1B9A11D542AF6003545ED /* MessagingExtensions.swift */ = {isa = PBXFileReference; fileEncoding = 4; lastKnownFileType = sourcecode.swift; path = MessagingExtensions.swift; sourceTree = "<group>"; };
		1FE1B9A21D542AF6003545ED /* NewMessageController.swift */ = {isa = PBXFileReference; fileEncoding = 4; lastKnownFileType = sourcecode.swift; path = NewMessageController.swift; sourceTree = "<group>"; };
		1FE1B9B21D542B12003545ED /* User.swift */ = {isa = PBXFileReference; fileEncoding = 4; lastKnownFileType = sourcecode.swift; path = User.swift; sourceTree = "<group>"; };
		1FE1B9B31D542B12003545ED /* UserCell.swift */ = {isa = PBXFileReference; fileEncoding = 4; lastKnownFileType = sourcecode.swift; path = UserCell.swift; sourceTree = "<group>"; };
		1FE1B9BE1D542E38003545ED /* GoogleService-Info.plist */ = {isa = PBXFileReference; fileEncoding = 4; lastKnownFileType = text.plist.xml; path = "GoogleService-Info.plist"; sourceTree = "<group>"; };
		2D6C01B66127982B601E42E9 /* Pods-PlayerGround X.debug.xcconfig */ = {isa = PBXFileReference; includeInIndex = 1; lastKnownFileType = text.xcconfig; name = "Pods-PlayerGround X.debug.xcconfig"; path = "Pods/Target Support Files/Pods-PlayerGround X/Pods-PlayerGround X.debug.xcconfig"; sourceTree = "<group>"; };
		6704112A92F32AC24DFF59E8 /* Pods-PlayerGround X.release.xcconfig */ = {isa = PBXFileReference; includeInIndex = 1; lastKnownFileType = text.xcconfig; name = "Pods-PlayerGround X.release.xcconfig"; path = "Pods/Target Support Files/Pods-PlayerGround X/Pods-PlayerGround X.release.xcconfig"; sourceTree = "<group>"; };
		895BA12A9B9B036196FABBBC /* Pods_PlayerGround_X.framework */ = {isa = PBXFileReference; explicitFileType = wrapper.framework; includeInIndex = 0; path = Pods_PlayerGround_X.framework; sourceTree = BUILT_PRODUCTS_DIR; };
/* End PBXFileReference section */

/* Begin PBXFrameworksBuildPhase section */
		1FE1B9751D542A5F003545ED /* Frameworks */ = {
			isa = PBXFrameworksBuildPhase;
			buildActionMask = 2147483647;
			files = (
				4C9ECFA26C87E0AE2E9FF0C3 /* Pods_PlayerGround_X.framework in Frameworks */,
			);
			runOnlyForDeploymentPostprocessing = 0;
		};
/* End PBXFrameworksBuildPhase section */

/* Begin PBXGroup section */
		0101B7EA0510DC9DFECBF0E2 /* Frameworks */ = {
			isa = PBXGroup;
			children = (
				895BA12A9B9B036196FABBBC /* Pods_PlayerGround_X.framework */,
			);
			name = Frameworks;
			sourceTree = "<group>";
		};
		1FE1B96F1D542A5F003545ED = {
			isa = PBXGroup;
			children = (
				1FE1B97A1D542A5F003545ED /* PlayerGround X */,
				1FE1B9791D542A5F003545ED /* Products */,
				E0605D27D1AA925CEE0FB19D /* Pods */,
				0101B7EA0510DC9DFECBF0E2 /* Frameworks */,
			);
			sourceTree = "<group>";
		};
		1FE1B9791D542A5F003545ED /* Products */ = {
			isa = PBXGroup;
			children = (
				1FE1B9781D542A5F003545ED /* PlayerGround X.app */,
			);
			name = Products;
			sourceTree = "<group>";
		};
		1FE1B97A1D542A5F003545ED /* PlayerGround X */ = {
			isa = PBXGroup;
			children = (
				1FE1B9C31D571FE8003545ED /* Helpers */,
				1FE1B9C21D571FCB003545ED /* Extensions */,
				1FE1B9C11D571FB2003545ED /* Cells */,
				1FE1B9C01D571F8A003545ED /* Controller */,
				1FE1B9921D542AC3003545ED /* Assets.xcassets */,
				1FB6266A1D5D573300D4A283 /* googlesignin.h */,
				1FE1B9901D542AB9003545ED /* AppDelegate.swift */,
				1FE1B9841D542A5F003545ED /* LaunchScreen.storyboard */,
				1FE1B9BE1D542E38003545ED /* GoogleService-Info.plist */,
				1FE1B9871D542A5F003545ED /* Info.plist */,
			);
			path = "PlayerGround X";
			sourceTree = "<group>";
		};
		1FE1B9C01D571F8A003545ED /* Controller */ = {
			isa = PBXGroup;
			children = (
				1FE1B9A01D542AF6003545ED /* MessagesController.swift */,
				1FE1B9941D542AD8003545ED /* ChatLogController.swift */,
				1FB626651D5D1D4700D4A283 /* UserProfileController.swift */,
				1FE1B99C1D542AF6003545ED /* LoginController.swift */,
				1FE1B9A21D542AF6003545ED /* NewMessageController.swift */,
				1FE1B99D1D542AF6003545ED /* LoginController+handler.swift */,
				1F071C9F1D5E81CD00CD2303 /* ProfileController.swift */,
			);
			name = Controller;
			path = ..;
			sourceTree = "<group>";
		};
		1FE1B9C11D571FB2003545ED /* Cells */ = {
			isa = PBXGroup;
			children = (
				1FE1B9961D542AE1003545ED /* ChatMessageCell.swift */,
				1FE1B9B31D542B12003545ED /* UserCell.swift */,
			);
			name = Cells;
			path = ..;
			sourceTree = "<group>";
		};
		1FE1B9C21D571FCB003545ED /* Extensions */ = {
			isa = PBXGroup;
			children = (
				1FE1B9971D542AE1003545ED /* Extensions.swift */,
				1FE1B9A11D542AF6003545ED /* MessagingExtensions.swift */,
			);
			name = Extensions;
			path = ..;
			sourceTree = "<group>";
		};
		1FE1B9C31D571FE8003545ED /* Helpers */ = {
			isa = PBXGroup;
			children = (
				1FD70EF01D5E57FC00ECB9A5 /* Playlist.swift */,
				1FE1B99F1D542AF6003545ED /* Message.swift */,
				1FE1B9B21D542B12003545ED /* User.swift */,
			);
			name = Helpers;
			path = ..;
			sourceTree = "<group>";
		};
		E0605D27D1AA925CEE0FB19D /* Pods */ = {
			isa = PBXGroup;
			children = (
				2D6C01B66127982B601E42E9 /* Pods-PlayerGround X.debug.xcconfig */,
				6704112A92F32AC24DFF59E8 /* Pods-PlayerGround X.release.xcconfig */,
			);
			name = Pods;
			sourceTree = "<group>";
		};
/* End PBXGroup section */

/* Begin PBXNativeTarget section */
		1FE1B9771D542A5F003545ED /* PlayerGround X */ = {
			isa = PBXNativeTarget;
			buildConfigurationList = 1FE1B98A1D542A5F003545ED /* Build configuration list for PBXNativeTarget "PlayerGround X" */;
			buildPhases = (
				8C6FB7F93A14D375A8FB6B47 /* [CP] Check Pods Manifest.lock */,
				1FE1B9741D542A5F003545ED /* Sources */,
				1FE1B9751D542A5F003545ED /* Frameworks */,
				1FE1B9761D542A5F003545ED /* Resources */,
				60153B7D077CC25514D124B6 /* [CP] Embed Pods Frameworks */,
				51E01C950A770553DCCAD99E /* [CP] Copy Pods Resources */,
			);
			buildRules = (
			);
			dependencies = (
			);
			name = "PlayerGround X";
			productName = "PlayerGround X";
			productReference = 1FE1B9781D542A5F003545ED /* PlayerGround X.app */;
			productType = "com.apple.product-type.application";
		};
/* End PBXNativeTarget section */

/* Begin PBXProject section */
		1FE1B9701D542A5F003545ED /* Project object */ = {
			isa = PBXProject;
			attributes = {
				LastSwiftUpdateCheck = 0730;
				LastUpgradeCheck = 0800;
				ORGANIZATIONNAME = "Gaming Recess";
				TargetAttributes = {
					1FE1B9771D542A5F003545ED = {
						CreatedOnToolsVersion = 7.3.1;
						DevelopmentTeam = H3Z7K9ZZE8;
						LastSwiftMigration = 0800;
					};
				};
			};
			buildConfigurationList = 1FE1B9731D542A5F003545ED /* Build configuration list for PBXProject "PlayerGround X" */;
			compatibilityVersion = "Xcode 3.2";
			developmentRegion = English;
			hasScannedForEncodings = 0;
			knownRegions = (
				en,
				Base,
			);
			mainGroup = 1FE1B96F1D542A5F003545ED;
			productRefGroup = 1FE1B9791D542A5F003545ED /* Products */;
			projectDirPath = "";
			projectRoot = "";
			targets = (
				1FE1B9771D542A5F003545ED /* PlayerGround X */,
			);
		};
/* End PBXProject section */

/* Begin PBXResourcesBuildPhase section */
		1FE1B9761D542A5F003545ED /* Resources */ = {
			isa = PBXResourcesBuildPhase;
			buildActionMask = 2147483647;
			files = (
				1FE1B9861D542A5F003545ED /* LaunchScreen.storyboard in Resources */,
				1FE1B9931D542AC3003545ED /* Assets.xcassets in Resources */,
				1FE1B9BF1D542E38003545ED /* GoogleService-Info.plist in Resources */,
			);
			runOnlyForDeploymentPostprocessing = 0;
		};
/* End PBXResourcesBuildPhase section */

/* Begin PBXShellScriptBuildPhase section */
		51E01C950A770553DCCAD99E /* [CP] Copy Pods Resources */ = {
			isa = PBXShellScriptBuildPhase;
			buildActionMask = 2147483647;
			files = (
			);
			inputPaths = (
			);
			name = "[CP] Copy Pods Resources";
			outputPaths = (
			);
			runOnlyForDeploymentPostprocessing = 0;
			shellPath = /bin/sh;
			shellScript = "\"${SRCROOT}/Pods/Target Support Files/Pods-PlayerGround X/Pods-PlayerGround X-resources.sh\"\n";
			showEnvVarsInLog = 0;
		};
		60153B7D077CC25514D124B6 /* [CP] Embed Pods Frameworks */ = {
			isa = PBXShellScriptBuildPhase;
			buildActionMask = 2147483647;
			files = (
			);
			inputPaths = (
			);
			name = "[CP] Embed Pods Frameworks";
			outputPaths = (
			);
			runOnlyForDeploymentPostprocessing = 0;
			shellPath = /bin/sh;
			shellScript = "\"${SRCROOT}/Pods/Target Support Files/Pods-PlayerGround X/Pods-PlayerGround X-frameworks.sh\"\n";
			showEnvVarsInLog = 0;
		};
		8C6FB7F93A14D375A8FB6B47 /* [CP] Check Pods Manifest.lock */ = {
			isa = PBXShellScriptBuildPhase;
			buildActionMask = 2147483647;
			files = (
			);
			inputPaths = (
			);
			name = "[CP] Check Pods Manifest.lock";
			outputPaths = (
			);
			runOnlyForDeploymentPostprocessing = 0;
			shellPath = /bin/sh;
			shellScript = "diff \"${PODS_ROOT}/../Podfile.lock\" \"${PODS_ROOT}/Manifest.lock\" > /dev/null\nif [[ $? != 0 ]] ; then\n    cat << EOM\nerror: The sandbox is not in sync with the Podfile.lock. Run 'pod install' or update your CocoaPods installation.\nEOM\n    exit 1\nfi\n";
			showEnvVarsInLog = 0;
		};
/* End PBXShellScriptBuildPhase section */

/* Begin PBXSourcesBuildPhase section */
		1FE1B9741D542A5F003545ED /* Sources */ = {
			isa = PBXSourcesBuildPhase;
			buildActionMask = 2147483647;
			files = (
				1FE1B99A1D542AE1003545ED /* Extensions.swift in Sources */,
				1FE1B9951D542AD8003545ED /* ChatLogController.swift in Sources */,
				1FB626661D5D1D4700D4A283 /* UserProfileController.swift in Sources */,
				1FE1B9A81D542AF6003545ED /* MessagingExtensions.swift in Sources */,
				1F071CA01D5E81CD00CD2303 /* ProfileController.swift in Sources */,
				1FE1B9991D542AE1003545ED /* ChatMessageCell.swift in Sources */,
				1FE1B9BA1D542B12003545ED /* User.swift in Sources */,
				1FE1B9A71D542AF6003545ED /* MessagesController.swift in Sources */,
				1FE1B9911D542AB9003545ED /* AppDelegate.swift in Sources */,
				1FE1B9A61D542AF6003545ED /* Message.swift in Sources */,
				1FE1B9A41D542AF6003545ED /* LoginController+handler.swift in Sources */,
				1FE1B9A31D542AF6003545ED /* LoginController.swift in Sources */,
				1FD70EF11D5E57FC00ECB9A5 /* Playlist.swift in Sources */,
				1FE1B9A91D542AF6003545ED /* NewMessageController.swift in Sources */,
				1FE1B9BB1D542B12003545ED /* UserCell.swift in Sources */,
			);
			runOnlyForDeploymentPostprocessing = 0;
		};
/* End PBXSourcesBuildPhase section */

/* Begin PBXVariantGroup section */
		1FE1B9841D542A5F003545ED /* LaunchScreen.storyboard */ = {
			isa = PBXVariantGroup;
			children = (
				1FE1B9851D542A5F003545ED /* Base */,
			);
			name = LaunchScreen.storyboard;
			sourceTree = "<group>";
		};
/* End PBXVariantGroup section */

/* Begin XCBuildConfiguration section */
		1FE1B9881D542A5F003545ED /* Debug */ = {
			isa = XCBuildConfiguration;
			buildSettings = {
				ALWAYS_SEARCH_USER_PATHS = NO;
				CLANG_ANALYZER_NONNULL = YES;
				CLANG_CXX_LANGUAGE_STANDARD = "gnu++0x";
				CLANG_CXX_LIBRARY = "libc++";
				CLANG_ENABLE_MODULES = YES;
				CLANG_ENABLE_OBJC_ARC = YES;
				CLANG_WARN_BOOL_CONVERSION = YES;
				CLANG_WARN_CONSTANT_CONVERSION = YES;
				CLANG_WARN_DIRECT_OBJC_ISA_USAGE = YES_ERROR;
				CLANG_WARN_EMPTY_BODY = YES;
				CLANG_WARN_ENUM_CONVERSION = YES;
				CLANG_WARN_INFINITE_RECURSION = YES;
				CLANG_WARN_INT_CONVERSION = YES;
				CLANG_WARN_OBJC_ROOT_CLASS = YES_ERROR;
				CLANG_WARN_SUSPICIOUS_MOVE = YES;
				CLANG_WARN_UNREACHABLE_CODE = YES;
				CLANG_WARN__DUPLICATE_METHOD_MATCH = YES;
				"CODE_SIGN_IDENTITY[sdk=iphoneos*]" = "iPhone Developer";
				COPY_PHASE_STRIP = NO;
				DEBUG_INFORMATION_FORMAT = dwarf;
				ENABLE_STRICT_OBJC_MSGSEND = YES;
				ENABLE_TESTABILITY = YES;
				GCC_C_LANGUAGE_STANDARD = gnu99;
				GCC_DYNAMIC_NO_PIC = NO;
				GCC_NO_COMMON_BLOCKS = YES;
				GCC_OPTIMIZATION_LEVEL = 0;
				GCC_PREPROCESSOR_DEFINITIONS = (
					"DEBUG=1",
					"$(inherited)",
				);
				GCC_WARN_64_TO_32_BIT_CONVERSION = YES;
				GCC_WARN_ABOUT_RETURN_TYPE = YES_ERROR;
				GCC_WARN_UNDECLARED_SELECTOR = YES;
				GCC_WARN_UNINITIALIZED_AUTOS = YES_AGGRESSIVE;
				GCC_WARN_UNUSED_FUNCTION = YES;
				GCC_WARN_UNUSED_VARIABLE = YES;
				IPHONEOS_DEPLOYMENT_TARGET = 9.3;
				MTL_ENABLE_DEBUG_INFO = YES;
				ONLY_ACTIVE_ARCH = YES;
				SDKROOT = iphoneos;
				SWIFT_OPTIMIZATION_LEVEL = "-Onone";
			};
			name = Debug;
		};
		1FE1B9891D542A5F003545ED /* Release */ = {
			isa = XCBuildConfiguration;
			buildSettings = {
				ALWAYS_SEARCH_USER_PATHS = NO;
				CLANG_ANALYZER_NONNULL = YES;
				CLANG_CXX_LANGUAGE_STANDARD = "gnu++0x";
				CLANG_CXX_LIBRARY = "libc++";
				CLANG_ENABLE_MODULES = YES;
				CLANG_ENABLE_OBJC_ARC = YES;
				CLANG_WARN_BOOL_CONVERSION = YES;
				CLANG_WARN_CONSTANT_CONVERSION = YES;
				CLANG_WARN_DIRECT_OBJC_ISA_USAGE = YES_ERROR;
				CLANG_WARN_EMPTY_BODY = YES;
				CLANG_WARN_ENUM_CONVERSION = YES;
				CLANG_WARN_INFINITE_RECURSION = YES;
				CLANG_WARN_INT_CONVERSION = YES;
				CLANG_WARN_OBJC_ROOT_CLASS = YES_ERROR;
				CLANG_WARN_SUSPICIOUS_MOVE = YES;
				CLANG_WARN_UNREACHABLE_CODE = YES;
				CLANG_WARN__DUPLICATE_METHOD_MATCH = YES;
				"CODE_SIGN_IDENTITY[sdk=iphoneos*]" = "iPhone Developer";
				COPY_PHASE_STRIP = NO;
				DEBUG_INFORMATION_FORMAT = "dwarf-with-dsym";
				ENABLE_NS_ASSERTIONS = NO;
				ENABLE_STRICT_OBJC_MSGSEND = YES;
				GCC_C_LANGUAGE_STANDARD = gnu99;
				GCC_NO_COMMON_BLOCKS = YES;
				GCC_WARN_64_TO_32_BIT_CONVERSION = YES;
				GCC_WARN_ABOUT_RETURN_TYPE = YES_ERROR;
				GCC_WARN_UNDECLARED_SELECTOR = YES;
				GCC_WARN_UNINITIALIZED_AUTOS = YES_AGGRESSIVE;
				GCC_WARN_UNUSED_FUNCTION = YES;
				GCC_WARN_UNUSED_VARIABLE = YES;
				IPHONEOS_DEPLOYMENT_TARGET = 9.3;
				MTL_ENABLE_DEBUG_INFO = NO;
				SDKROOT = iphoneos;
				SWIFT_OPTIMIZATION_LEVEL = "-Owholemodule";
				VALIDATE_PRODUCT = YES;
			};
			name = Release;
		};
		1FE1B98B1D542A5F003545ED /* Debug */ = {
			isa = XCBuildConfiguration;
			baseConfigurationReference = 2D6C01B66127982B601E42E9 /* Pods-PlayerGround X.debug.xcconfig */;
			buildSettings = {
				ASSETCATALOG_COMPILER_APPICON_NAME = AppIcon;
				CLANG_ENABLE_MODULES = YES;
				CODE_SIGN_IDENTITY = "iPhone Developer";
				"CODE_SIGN_IDENTITY[sdk=iphoneos*]" = "iPhone Developer";
				FRAMEWORK_SEARCH_PATHS = (
					"$(inherited)",
					"$(PROJECT_DIR)",
				);
				INFOPLIST_FILE = "PlayerGround X/Info.plist";
				LD_RUNPATH_SEARCH_PATHS = "$(inherited) @executable_path/Frameworks";
				PRODUCT_BUNDLE_IDENTIFIER = "com.PlayerGround.PlayerGround-X";
				PRODUCT_NAME = "$(TARGET_NAME)";
				PROVISIONING_PROFILE = "";
				SWIFT_OPTIMIZATION_LEVEL = "-Onone";
				SWIFT_VERSION = 3.0;
			};
			name = Debug;
		};
		1FE1B98C1D542A5F003545ED /* Release */ = {
			isa = XCBuildConfiguration;
			baseConfigurationReference = 6704112A92F32AC24DFF59E8 /* Pods-PlayerGround X.release.xcconfig */;
			buildSettings = {
				ASSETCATALOG_COMPILER_APPICON_NAME = AppIcon;
				CLANG_ENABLE_MODULES = YES;
				CODE_SIGN_IDENTITY = "iPhone Developer";
				"CODE_SIGN_IDENTITY[sdk=iphoneos*]" = "iPhone Developer";
				FRAMEWORK_SEARCH_PATHS = (
					"$(inherited)",
					"$(PROJECT_DIR)",
				);
				INFOPLIST_FILE = "PlayerGround X/Info.plist";
				LD_RUNPATH_SEARCH_PATHS = "$(inherited) @executable_path/Frameworks";
				PRODUCT_BUNDLE_IDENTIFIER = "com.PlayerGround.PlayerGround-X";
				PRODUCT_NAME = "$(TARGET_NAME)";
				PROVISIONING_PROFILE = "";
				SWIFT_VERSION = 3.0;
			};
			name = Release;
		};
/* End XCBuildConfiguration section */

/* Begin XCConfigurationList section */
		1FE1B9731D542A5F003545ED /* Build configuration list for PBXProject "PlayerGround X" */ = {
			isa = XCConfigurationList;
			buildConfigurations = (
				1FE1B9881D542A5F003545ED /* Debug */,
				1FE1B9891D542A5F003545ED /* Release */,
			);
			defaultConfigurationIsVisible = 0;
			defaultConfigurationName = Release;
		};
		1FE1B98A1D542A5F003545ED /* Build configuration list for PBXNativeTarget "PlayerGround X" */ = {
			isa = XCConfigurationList;
			buildConfigurations = (
				1FE1B98B1D542A5F003545ED /* Debug */,
				1FE1B98C1D542A5F003545ED /* Release */,
			);
			defaultConfigurationIsVisible = 0;
			defaultConfigurationName = Release;
		};
/* End XCConfigurationList section */
	};
	rootObject = 1FE1B9701D542A5F003545ED /* Project object */;
}
